
Microsoft Visual Studio Solution File, Format Version 12.00
# Visual Studio Version 16
VisualStudioVersion = 16.0.32106.194
MinimumVisualStudioVersion = 10.0.40219.1
Project("{FAE04EC0-301F-11D3-BF4B-00C04F79EFBC}") = "Lab1.1_AnimationCS", "Task1_Animation\Lab1.1_AnimationCS.csproj", "{D222AD5F-3F63-4FD2-8DC4-50ADDB897C33}"
EndProject
Project("{FAE04EC0-301F-11D3-BF4B-00C04F79EFBC}") = "Lab1.2_AnimationXAML", "Task1.2_AnimationXAML\Lab1.2_AnimationXAML.csproj", "{72BEF096-599D-4C6D-AF35-CEB98EE24CD9}"
EndProject
Project("{FAE04EC0-301F-11D3-BF4B-00C04F79EFBC}") = "Task1_AnimationUsingKeyFrames", "Task1.3_AnimationUsingKeyFrames\Task1_AnimationUsingKeyFrames.csproj", "{1CCA68F2-2CB7-4941-BB6C-D9D36744F771}"
EndProject
Project("{FAE04EC0-301F-11D3-BF4B-00C04F79EFBC}") = "Lab1.4_PathAnimation", "Lab1.4_PathAnimation\Lab1.4_PathAnimation.csproj", "{F576BAE0-278C-402C-8A46-35CD41C03ECB}"
EndProject
Project("{FAE04EC0-301F-11D3-BF4B-00C04F79EFBC}") = "Task2_Ball", "Task2_Ball\Task2_Ball.csproj", "{3963A96A-1F5B-4262-9F7D-6A81B7CD6B53}"
EndProject
Global
	GlobalSection(SolutionConfigurationPlatforms) = preSolution
		Debug|Any CPU = Debug|Any CPU
		Release|Any CPU = Release|Any CPU
	EndGlobalSection
	GlobalSection(ProjectConfigurationPlatforms) = postSolution
		{D222AD5F-3F63-4FD2-8DC4-50ADDB897C33}.Debug|Any CPU.ActiveCfg = Debug|Any CPU
		{D222AD5F-3F63-4FD2-8DC4-50ADDB897C33}.Debug|Any CPU.Build.0 = Debug|Any CPU
		{D222AD5F-3F63-4FD2-8DC4-50ADDB897C33}.Release|Any CPU.ActiveCfg = Release|Any CPU
		{D222AD5F-3F63-4FD2-8DC4-50ADDB897C33}.Release|Any CPU.Build.0 = Release|Any CPU
		{72BEF096-599D-4C6D-AF35-CEB98EE24CD9}.Debug|Any CPU.ActiveCfg = Debug|Any CPU
		{72BEF096-599D-4C6D-AF35-CEB98EE24CD9}.Debug|Any CPU.Build.0 = Debug|Any CPU
		{72BEF096-599D-4C6D-AF35-CEB98EE24CD9}.Release|Any CPU.ActiveCfg = Release|Any CPU
		{72BEF096-599D-4C6D-AF35-CEB98EE24CD9}.Release|Any CPU.Build.0 = Release|Any CPU
		{1CCA68F2-2CB7-4941-BB6C-D9D36744F771}.Debug|Any CPU.ActiveCfg = Debug|Any CPU
		{1CCA68F2-2CB7-4941-BB6C-D9D36744F771}.Debug|Any CPU.Build.0 = Debug|Any CPU
		{1CCA68F2-2CB7-4941-BB6C-D9D36744F771}.Release|Any CPU.ActiveCfg = Release|Any CPU
		{1CCA68F2-2CB7-4941-BB6C-D9D36744F771}.Release|Any CPU.Build.0 = Release|Any CPU
		{F576BAE0-278C-402C-8A46-35CD41C03ECB}.Debug|Any CPU.ActiveCfg = Debug|Any CPU
		{F576BAE0-278C-402C-8A46-35CD41C03ECB}.Debug|Any CPU.Build.0 = Debug|Any CPU
		{F576BAE0-278C-402C-8A46-35CD41C03ECB}.Release|Any CPU.ActiveCfg = Release|Any CPU
		{F576BAE0-278C-402C-8A46-35CD41C03ECB}.Release|Any CPU.Build.0 = Release|Any CPU
		{3963A96A-1F5B-4262-9F7D-6A81B7CD6B53}.Debug|Any CPU.ActiveCfg = Debug|Any CPU
		{3963A96A-1F5B-4262-9F7D-6A81B7CD6B53}.Debug|Any CPU.Build.0 = Debug|Any CPU
		{3963A96A-1F5B-4262-9F7D-6A81B7CD6B53}.Release|Any CPU.ActiveCfg = Release|Any CPU
		{3963A96A-1F5B-4262-9F7D-6A81B7CD6B53}.Release|Any CPU.Build.0 = Release|Any CPU
	EndGlobalSection
	GlobalSection(SolutionProperties) = preSolution
		HideSolutionNode = FALSE
	EndGlobalSection
	GlobalSection(ExtensibilityGlobals) = postSolution
		SolutionGuid = {1458FF57-EFD8-4009-A221-D34027E405A6}
	EndGlobalSection
EndGlobal
